
Microsoft Visual Studio Solution File, Format Version 12.00
# Visual Studio Version 16
VisualStudioVersion = 16.0.32002.261
MinimumVisualStudioVersion = 10.0.40219.1
Project("{FAE04EC0-301F-11D3-BF4B-00C04F79EFBC}") = "Diagram_Clear", "Diagram_Clear.csproj", "{68013EEF-66F3-49E7-8783-D726404F4F5A}"
EndProject
Project("{9A19103F-16F7-4668-BE54-9A1E7A4F7556}") = "Syncfusion.Blazor", "D:\BLAZ-17685-Clear-Source\Syncfusion.Blazor\Syncfusion.Blazor.csproj", "{32CA9C57-8B54-4E41-8FEB-500454A20862}"
EndProject
Global
	GlobalSection(SolutionConfigurationPlatforms) = preSolution
		Debug|Any CPU = Debug|Any CPU
		Release|Any CPU = Release|Any CPU
	EndGlobalSection
	GlobalSection(ProjectConfigurationPlatforms) = postSolution
		{68013EEF-66F3-49E7-8783-D726404F4F5A}.Debug|Any CPU.ActiveCfg = Debug|Any CPU
		{68013EEF-66F3-49E7-8783-D726404F4F5A}.Debug|Any CPU.Build.0 = Debug|Any CPU
		{68013EEF-66F3-49E7-8783-D726404F4F5A}.Release|Any CPU.ActiveCfg = Release|Any CPU
		{68013EEF-66F3-49E7-8783-D726404F4F5A}.Release|Any CPU.Build.0 = Release|Any CPU
		{32CA9C57-8B54-4E41-8FEB-500454A20862}.Debug|Any CPU.ActiveCfg = Debug|Any CPU
		{32CA9C57-8B54-4E41-8FEB-500454A20862}.Debug|Any CPU.Build.0 = Debug|Any CPU
		{32CA9C57-8B54-4E41-8FEB-500454A20862}.Release|Any CPU.ActiveCfg = Release|Any CPU
		{32CA9C57-8B54-4E41-8FEB-500454A20862}.Release|Any CPU.Build.0 = Release|Any CPU
	EndGlobalSection
	GlobalSection(SolutionProperties) = preSolution
		HideSolutionNode = FALSE
	EndGlobalSection
	GlobalSection(ExtensibilityGlobals) = postSolution
		SolutionGuid = {3C80CB75-EE91-4B5A-8A83-26CAE9594DB1}
	EndGlobalSection
EndGlobal
